// !$*UTF8*$!
{
	archiveVersion = 1;
	classes = {
	};
	objectVersion = 55;
	objects = {

/* Begin PBXBuildFile section */
		B95BFD8C2798616200A644DC /* App.swift in Sources */ = {isa = PBXBuildFile; fileRef = B95BFD8B2798616200A644DC /* App.swift */; };
		B95BFD8E2798616200A644DC /* ContentView.swift in Sources */ = {isa = PBXBuildFile; fileRef = B95BFD8D2798616200A644DC /* ContentView.swift */; };
		B95BFD902798616600A644DC /* Assets.xcassets in Resources */ = {isa = PBXBuildFile; fileRef = B95BFD8F2798616600A644DC /* Assets.xcassets */; };
		B95BFD932798616600A644DC /* Preview Assets.xcassets in Resources */ = {isa = PBXBuildFile; fileRef = B95BFD922798616600A644DC /* Preview Assets.xcassets */; };
		B95BFD9D2798616700A644DC /* ReceiptFeatureTests.swift in Sources */ = {isa = PBXBuildFile; fileRef = B95BFD9C2798616700A644DC /* ReceiptFeatureTests.swift */; };
		B95BFDB62798626800A644DC /* AnalyticsClient.swift in Sources */ = {isa = PBXBuildFile; fileRef = B95BFDB52798626800A644DC /* AnalyticsClient.swift */; };
		B95BFDB82798628C00A644DC /* Client.swift in Sources */ = {isa = PBXBuildFile; fileRef = B95BFDB72798628C00A644DC /* Client.swift */; };
		B95BFDBA279862A800A644DC /* DomainAction.swift in Sources */ = {isa = PBXBuildFile; fileRef = B95BFDB9279862A800A644DC /* DomainAction.swift */; };
		B95BFDBC279862C600A644DC /* ReceiptManagementViewModel.swift in Sources */ = {isa = PBXBuildFile; fileRef = B95BFDBB279862C600A644DC /* ReceiptManagementViewModel.swift */; };
		B95BFDBE279869C000A644DC /* Receipt.swift in Sources */ = {isa = PBXBuildFile; fileRef = B95BFDBD279869C000A644DC /* Receipt.swift */; };
		B95BFDC02798823C00A644DC /* AnalyticsTests.swift in Sources */ = {isa = PBXBuildFile; fileRef = B95BFDBF2798823C00A644DC /* AnalyticsTests.swift */; };
/* End PBXBuildFile section */

/* Begin PBXContainerItemProxy section */
		B95BFD992798616600A644DC /* PBXContainerItemProxy */ = {
			isa = PBXContainerItemProxy;
			containerPortal = B95BFD802798616200A644DC /* Project object */;
			proxyType = 1;
			remoteGlobalIDString = B95BFD872798616200A644DC;
			remoteInfo = "Domain-Driven-MVVM";
		};
/* End PBXContainerItemProxy section */

/* Begin PBXFileReference section */
		B95BFD882798616200A644DC /* Domain-Driven-MVVM.app */ = {isa = PBXFileReference; explicitFileType = wrapper.application; includeInIndex = 0; path = "Domain-Driven-MVVM.app"; sourceTree = BUILT_PRODUCTS_DIR; };
		B95BFD8B2798616200A644DC /* App.swift */ = {isa = PBXFileReference; lastKnownFileType = sourcecode.swift; path = App.swift; sourceTree = "<group>"; };
		B95BFD8D2798616200A644DC /* ContentView.swift */ = {isa = PBXFileReference; lastKnownFileType = sourcecode.swift; path = ContentView.swift; sourceTree = "<group>"; };
		B95BFD8F2798616600A644DC /* Assets.xcassets */ = {isa = PBXFileReference; lastKnownFileType = folder.assetcatalog; path = Assets.xcassets; sourceTree = "<group>"; };
		B95BFD922798616600A644DC /* Preview Assets.xcassets */ = {isa = PBXFileReference; lastKnownFileType = folder.assetcatalog; path = "Preview Assets.xcassets"; sourceTree = "<group>"; };
		B95BFD982798616600A644DC /* Domain-Driven-MVVMTests.xctest */ = {isa = PBXFileReference; explicitFileType = wrapper.cfbundle; includeInIndex = 0; path = "Domain-Driven-MVVMTests.xctest"; sourceTree = BUILT_PRODUCTS_DIR; };
		B95BFD9C2798616700A644DC /* ReceiptFeatureTests.swift */ = {isa = PBXFileReference; lastKnownFileType = sourcecode.swift; path = ReceiptFeatureTests.swift; sourceTree = "<group>"; };
		B95BFDB52798626800A644DC /* AnalyticsClient.swift */ = {isa = PBXFileReference; lastKnownFileType = sourcecode.swift; path = AnalyticsClient.swift; sourceTree = "<group>"; };
		B95BFDB72798628C00A644DC /* Client.swift */ = {isa = PBXFileReference; lastKnownFileType = sourcecode.swift; path = Client.swift; sourceTree = "<group>"; };
		B95BFDB9279862A800A644DC /* DomainAction.swift */ = {isa = PBXFileReference; lastKnownFileType = sourcecode.swift; path = DomainAction.swift; sourceTree = "<group>"; };
		B95BFDBB279862C600A644DC /* ReceiptManagementViewModel.swift */ = {isa = PBXFileReference; lastKnownFileType = sourcecode.swift; path = ReceiptManagementViewModel.swift; sourceTree = "<group>"; };
		B95BFDBD279869C000A644DC /* Receipt.swift */ = {isa = PBXFileReference; lastKnownFileType = sourcecode.swift; path = Receipt.swift; sourceTree = "<group>"; };
		B95BFDBF2798823C00A644DC /* AnalyticsTests.swift */ = {isa = PBXFileReference; lastKnownFileType = sourcecode.swift; path = AnalyticsTests.swift; sourceTree = "<group>"; };
/* End PBXFileReference section */

/* Begin PBXFrameworksBuildPhase section */
		B95BFD852798616200A644DC /* Frameworks */ = {
			isa = PBXFrameworksBuildPhase;
			buildActionMask = 2147483647;
			files = (
			);
			runOnlyForDeploymentPostprocessing = 0;
		};
		B95BFD952798616600A644DC /* Frameworks */ = {
			isa = PBXFrameworksBuildPhase;
			buildActionMask = 2147483647;
			files = (
			);
			runOnlyForDeploymentPostprocessing = 0;
		};
/* End PBXFrameworksBuildPhase section */

/* Begin PBXGroup section */
		B95BFD7F2798616200A644DC = {
			isa = PBXGroup;
			children = (
				B95BFD8A2798616200A644DC /* Domain-Driven-MVVM */,
				B95BFD9B2798616700A644DC /* Domain-Driven-MVVMTests */,
				B95BFD892798616200A644DC /* Products */,
			);
			sourceTree = "<group>";
		};
		B95BFD892798616200A644DC /* Products */ = {
			isa = PBXGroup;
			children = (
				B95BFD882798616200A644DC /* Domain-Driven-MVVM.app */,
				B95BFD982798616600A644DC /* Domain-Driven-MVVMTests.xctest */,
			);
			name = Products;
			sourceTree = "<group>";
		};
		B95BFD8A2798616200A644DC /* Domain-Driven-MVVM */ = {
			isa = PBXGroup;
			children = (
				B95BFDB52798626800A644DC /* AnalyticsClient.swift */,
				B95BFDB72798628C00A644DC /* Client.swift */,
				B95BFD8D2798616200A644DC /* ContentView.swift */,
				B95BFD8B2798616200A644DC /* App.swift */,
				B95BFDB9279862A800A644DC /* DomainAction.swift */,
				B95BFDBD279869C000A644DC /* Receipt.swift */,
				B95BFDBB279862C600A644DC /* ReceiptManagementViewModel.swift */,
				B95BFD8F2798616600A644DC /* Assets.xcassets */,
				B95BFD912798616600A644DC /* Preview Content */,
			);
			path = "Domain-Driven-MVVM";
			sourceTree = "<group>";
		};
		B95BFD912798616600A644DC /* Preview Content */ = {
			isa = PBXGroup;
			children = (
				B95BFD922798616600A644DC /* Preview Assets.xcassets */,
			);
			path = "Preview Content";
			sourceTree = "<group>";
		};
		B95BFD9B2798616700A644DC /* Domain-Driven-MVVMTests */ = {
			isa = PBXGroup;
			children = (
				B95BFD9C2798616700A644DC /* ReceiptFeatureTests.swift */,
				B95BFDBF2798823C00A644DC /* AnalyticsTests.swift */,
			);
			path = "Domain-Driven-MVVMTests";
			sourceTree = "<group>";
		};
/* End PBXGroup section */

/* Begin PBXNativeTarget section */
		B95BFD872798616200A644DC /* Domain-Driven-MVVM */ = {
			isa = PBXNativeTarget;
			buildConfigurationList = B95BFDAC2798616700A644DC /* Build configuration list for PBXNativeTarget "Domain-Driven-MVVM" */;
			buildPhases = (
				B95BFD842798616200A644DC /* Sources */,
				B95BFD852798616200A644DC /* Frameworks */,
				B95BFD862798616200A644DC /* Resources */,
			);
			buildRules = (
			);
			dependencies = (
			);
			name = "Domain-Driven-MVVM";
			productName = "Domain-Driven-MVVM";
			productReference = B95BFD882798616200A644DC /* Domain-Driven-MVVM.app */;
			productType = "com.apple.product-type.application";
		};
		B95BFD972798616600A644DC /* Domain-Driven-MVVMTests */ = {
			isa = PBXNativeTarget;
			buildConfigurationList = B95BFDAF2798616700A644DC /* Build configuration list for PBXNativeTarget "Domain-Driven-MVVMTests" */;
			buildPhases = (
				B95BFD942798616600A644DC /* Sources */,
				B95BFD952798616600A644DC /* Frameworks */,
				B95BFD962798616600A644DC /* Resources */,
			);
			buildRules = (
			);
			dependencies = (
				B95BFD9A2798616600A644DC /* PBXTargetDependency */,
			);
			name = "Domain-Driven-MVVMTests";
			productName = "Domain-Driven-MVVMTests";
			productReference = B95BFD982798616600A644DC /* Domain-Driven-MVVMTests.xctest */;
			productType = "com.apple.product-type.bundle.unit-test";
		};
/* End PBXNativeTarget section */

/* Begin PBXProject section */
		B95BFD802798616200A644DC /* Project object */ = {
			isa = PBXProject;
			attributes = {
				BuildIndependentTargetsInParallel = 1;
				LastSwiftUpdateCheck = 1310;
				LastUpgradeCheck = 1310;
				TargetAttributes = {
					B95BFD872798616200A644DC = {
						CreatedOnToolsVersion = 13.1;
					};
					B95BFD972798616600A644DC = {
						CreatedOnToolsVersion = 13.1;
						TestTargetID = B95BFD872798616200A644DC;
					};
				};
			};
			buildConfigurationList = B95BFD832798616200A644DC /* Build configuration list for PBXProject "Domain-Driven-MVVM" */;
			compatibilityVersion = "Xcode 13.0";
			developmentRegion = en;
			hasScannedForEncodings = 0;
			knownRegions = (
				en,
				Base,
			);
			mainGroup = B95BFD7F2798616200A644DC;
			productRefGroup = B95BFD892798616200A644DC /* Products */;
			projectDirPath = "";
			projectRoot = "";
			targets = (
				B95BFD872798616200A644DC /* Domain-Driven-MVVM */,
				B95BFD972798616600A644DC /* Domain-Driven-MVVMTests */,
			);
		};
/* End PBXProject section */

/* Begin PBXResourcesBuildPhase section */
		B95BFD862798616200A644DC /* Resources */ = {
			isa = PBXResourcesBuildPhase;
			buildActionMask = 2147483647;
			files = (
				B95BFD932798616600A644DC /* Preview Assets.xcassets in Resources */,
				B95BFD902798616600A644DC /* Assets.xcassets in Resources */,
			);
			runOnlyForDeploymentPostprocessing = 0;
		};
		B95BFD962798616600A644DC /* Resources */ = {
			isa = PBXResourcesBuildPhase;
			buildActionMask = 2147483647;
			files = (
			);
			runOnlyForDeploymentPostprocessing = 0;
		};
/* End PBXResourcesBuildPhase section */

/* Begin PBXSourcesBuildPhase section */
		B95BFD842798616200A644DC /* Sources */ = {
			isa = PBXSourcesBuildPhase;
			buildActionMask = 2147483647;
			files = (
				B95BFD8E2798616200A644DC /* ContentView.swift in Sources */,
				B95BFD8C2798616200A644DC /* App.swift in Sources */,
				B95BFDB82798628C00A644DC /* Client.swift in Sources */,
				B95BFDBA279862A800A644DC /* DomainAction.swift in Sources */,
				B95BFDBC279862C600A644DC /* ReceiptManagementViewModel.swift in Sources */,
				B95BFDB62798626800A644DC /* AnalyticsClient.swift in Sources */,
				B95BFDBE279869C000A644DC /* Receipt.swift in Sources */,
			);
			runOnlyForDeploymentPostprocessing = 0;
		};
		B95BFD942798616600A644DC /* Sources */ = {
			isa = PBXSourcesBuildPhase;
			buildActionMask = 2147483647;
			files = (
				B95BFDC02798823C00A644DC /* AnalyticsTests.swift in Sources */,
				B95BFD9D2798616700A644DC /* ReceiptFeatureTests.swift in Sources */,
			);
			runOnlyForDeploymentPostprocessing = 0;
		};
/* End PBXSourcesBuildPhase section */

/* Begin PBXTargetDependency section */
		B95BFD9A2798616600A644DC /* PBXTargetDependency */ = {
			isa = PBXTargetDependency;
			target = B95BFD872798616200A644DC /* Domain-Driven-MVVM */;
			targetProxy = B95BFD992798616600A644DC /* PBXContainerItemProxy */;
		};
/* End PBXTargetDependency section */

/* Begin XCBuildConfiguration section */
		B95BFDAA2798616700A644DC /* Debug */ = {
			isa = XCBuildConfiguration;
			buildSettings = {
				ALWAYS_SEARCH_USER_PATHS = NO;
				CLANG_ANALYZER_NONNULL = YES;
				CLANG_ANALYZER_NUMBER_OBJECT_CONVERSION = YES_AGGRESSIVE;
				CLANG_CXX_LANGUAGE_STANDARD = "gnu++17";
				CLANG_CXX_LIBRARY = "libc++";
				CLANG_ENABLE_MODULES = YES;
				CLANG_ENABLE_OBJC_ARC = YES;
				CLANG_ENABLE_OBJC_WEAK = YES;
				CLANG_WARN_BLOCK_CAPTURE_AUTORELEASING = YES;
				CLANG_WARN_BOOL_CONVERSION = YES;
				CLANG_WARN_COMMA = YES;
				CLANG_WARN_CONSTANT_CONVERSION = YES;
				CLANG_WARN_DEPRECATED_OBJC_IMPLEMENTATIONS = YES;
				CLANG_WARN_DIRECT_OBJC_ISA_USAGE = YES_ERROR;
				CLANG_WARN_DOCUMENTATION_COMMENTS = YES;
				CLANG_WARN_EMPTY_BODY = YES;
				CLANG_WARN_ENUM_CONVERSION = YES;
				CLANG_WARN_INFINITE_RECURSION = YES;
				CLANG_WARN_INT_CONVERSION = YES;
				CLANG_WARN_NON_LITERAL_NULL_CONVERSION = YES;
				CLANG_WARN_OBJC_IMPLICIT_RETAIN_SELF = YES;
				CLANG_WARN_OBJC_LITERAL_CONVERSION = YES;
				CLANG_WARN_OBJC_ROOT_CLASS = YES_ERROR;
				CLANG_WARN_QUOTED_INCLUDE_IN_FRAMEWORK_HEADER = YES;
				CLANG_WARN_RANGE_LOOP_ANALYSIS = YES;
				CLANG_WARN_STRICT_PROTOTYPES = YES;
				CLANG_WARN_SUSPICIOUS_MOVE = YES;
				CLANG_WARN_UNGUARDED_AVAILABILITY = YES_AGGRESSIVE;
				CLANG_WARN_UNREACHABLE_CODE = YES;
				CLANG_WARN__DUPLICATE_METHOD_MATCH = YES;
				COPY_PHASE_STRIP = NO;
				DEBUG_INFORMATION_FORMAT = dwarf;
				ENABLE_STRICT_OBJC_MSGSEND = YES;
				ENABLE_TESTABILITY = YES;
				GCC_C_LANGUAGE_STANDARD = gnu11;
				GCC_DYNAMIC_NO_PIC = NO;
				GCC_NO_COMMON_BLOCKS = YES;
				GCC_OPTIMIZATION_LEVEL = 0;
				GCC_PREPROCESSOR_DEFINITIONS = (
					"DEBUG=1",
					"$(inherited)",
				);
				GCC_WARN_64_TO_32_BIT_CONVERSION = YES;
				GCC_WARN_ABOUT_RETURN_TYPE = YES_ERROR;
				GCC_WARN_UNDECLARED_SELECTOR = YES;
				GCC_WARN_UNINITIALIZED_AUTOS = YES_AGGRESSIVE;
				GCC_WARN_UNUSED_FUNCTION = YES;
				GCC_WARN_UNUSED_VARIABLE = YES;
				IPHONEOS_DEPLOYMENT_TARGET = 15.0;
				MTL_ENABLE_DEBUG_INFO = INCLUDE_SOURCE;
				MTL_FAST_MATH = YES;
				ONLY_ACTIVE_ARCH = YES;
				SDKROOT = iphoneos;
				SWIFT_ACTIVE_COMPILATION_CONDITIONS = DEBUG;
				SWIFT_OPTIMIZATION_LEVEL = "-Onone";
			};
			name = Debug;
		};
		B95BFDAB2798616700A644DC /* Release */ = {
			isa = XCBuildConfiguration;
			buildSettings = {
				ALWAYS_SEARCH_USER_PATHS = NO;
				CLANG_ANALYZER_NONNULL = YES;
				CLANG_ANALYZER_NUMBER_OBJECT_CONVERSION = YES_AGGRESSIVE;
				CLANG_CXX_LANGUAGE_STANDARD = "gnu++17";
				CLANG_CXX_LIBRARY = "libc++";
				CLANG_ENABLE_MODULES = YES;
				CLANG_ENABLE_OBJC_ARC = YES;
				CLANG_ENABLE_OBJC_WEAK = YES;
				CLANG_WARN_BLOCK_CAPTURE_AUTORELEASING = YES;
				CLANG_WARN_BOOL_CONVERSION = YES;
				CLANG_WARN_COMMA = YES;
				CLANG_WARN_CONSTANT_CONVERSION = YES;
				CLANG_WARN_DEPRECATED_OBJC_IMPLEMENTATIONS = YES;
				CLANG_WARN_DIRECT_OBJC_ISA_USAGE = YES_ERROR;
				CLANG_WARN_DOCUMENTATION_COMMENTS = YES;
				CLANG_WARN_EMPTY_BODY = YES;
				CLANG_WARN_ENUM_CONVERSION = YES;
				CLANG_WARN_INFINITE_RECURSION = YES;
				CLANG_WARN_INT_CONVERSION = YES;
				CLANG_WARN_NON_LITERAL_NULL_CONVERSION = YES;
				CLANG_WARN_OBJC_IMPLICIT_RETAIN_SELF = YES;
				CLANG_WARN_OBJC_LITERAL_CONVERSION = YES;
				CLANG_WARN_OBJC_ROOT_CLASS = YES_ERROR;
				CLANG_WARN_QUOTED_INCLUDE_IN_FRAMEWORK_HEADER = YES;
				CLANG_WARN_RANGE_LOOP_ANALYSIS = YES;
				CLANG_WARN_STRICT_PROTOTYPES = YES;
				CLANG_WARN_SUSPICIOUS_MOVE = YES;
				CLANG_WARN_UNGUARDED_AVAILABILITY = YES_AGGRESSIVE;
				CLANG_WARN_UNREACHABLE_CODE = YES;
				CLANG_WARN__DUPLICATE_METHOD_MATCH = YES;
				COPY_PHASE_STRIP = NO;
				DEBUG_INFORMATION_FORMAT = "dwarf-with-dsym";
				ENABLE_NS_ASSERTIONS = NO;
				ENABLE_STRICT_OBJC_MSGSEND = YES;
				GCC_C_LANGUAGE_STANDARD = gnu11;
				GCC_NO_COMMON_BLOCKS = YES;
				GCC_WARN_64_TO_32_BIT_CONVERSION = YES;
				GCC_WARN_ABOUT_RETURN_TYPE = YES_ERROR;
				GCC_WARN_UNDECLARED_SELECTOR = YES;
				GCC_WARN_UNINITIALIZED_AUTOS = YES_AGGRESSIVE;
				GCC_WARN_UNUSED_FUNCTION = YES;
				GCC_WARN_UNUSED_VARIABLE = YES;
				IPHONEOS_DEPLOYMENT_TARGET = 15.0;
				MTL_ENABLE_DEBUG_INFO = NO;
				MTL_FAST_MATH = YES;
				SDKROOT = iphoneos;
				SWIFT_COMPILATION_MODE = wholemodule;
				SWIFT_OPTIMIZATION_LEVEL = "-O";
				VALIDATE_PRODUCT = YES;
			};
			name = Release;
		};
		B95BFDAD2798616700A644DC /* Debug */ = {
			isa = XCBuildConfiguration;
			buildSettings = {
				ASSETCATALOG_COMPILER_APPICON_NAME = AppIcon;
				ASSETCATALOG_COMPILER_GLOBAL_ACCENT_COLOR_NAME = AccentColor;
				CODE_SIGN_STYLE = Automatic;
				CURRENT_PROJECT_VERSION = 1;
				DEVELOPMENT_ASSET_PATHS = "\"Domain-Driven-MVVM/Preview Content\"";
				DEVELOPMENT_TEAM = HL92L2PJSU;
				ENABLE_PREVIEWS = YES;
				GENERATE_INFOPLIST_FILE = YES;
				INFOPLIST_KEY_UIApplicationSceneManifest_Generation = YES;
				INFOPLIST_KEY_UIApplicationSupportsIndirectInputEvents = YES;
				INFOPLIST_KEY_UILaunchScreen_Generation = YES;
				INFOPLIST_KEY_UISupportedInterfaceOrientations_iPad = "UIInterfaceOrientationPortrait UIInterfaceOrientationPortraitUpsideDown UIInterfaceOrientationLandscapeLeft UIInterfaceOrientationLandscapeRight";
				INFOPLIST_KEY_UISupportedInterfaceOrientations_iPhone = "UIInterfaceOrientationPortrait UIInterfaceOrientationLandscapeLeft UIInterfaceOrientationLandscapeRight";
				LD_RUNPATH_SEARCH_PATHS = (
					"$(inherited)",
					"@executable_path/Frameworks",
				);
				MARKETING_VERSION = 1.0;
				PRODUCT_BUNDLE_IDENTIFIER = "com.christianleovido.Domain-Driven-MVVM";
				PRODUCT_NAME = "$(TARGET_NAME)";
				SWIFT_EMIT_LOC_STRINGS = YES;
				SWIFT_VERSION = 5.0;
				TARGETED_DEVICE_FAMILY = "1,2";
			};
			name = Debug;
		};
		B95BFDAE2798616700A644DC /* Release */ = {
			isa = XCBuildConfiguration;
			buildSettings = {
				ASSETCATALOG_COMPILER_APPICON_NAME = AppIcon;
				ASSETCATALOG_COMPILER_GLOBAL_ACCENT_COLOR_NAME = AccentColor;
				CODE_SIGN_STYLE = Automatic;
				CURRENT_PROJECT_VERSION = 1;
				DEVELOPMENT_ASSET_PATHS = "\"Domain-Driven-MVVM/Preview Content\"";
				DEVELOPMENT_TEAM = HL92L2PJSU;
				ENABLE_PREVIEWS = YES;
				GENERATE_INFOPLIST_FILE = YES;
				INFOPLIST_KEY_UIApplicationSceneManifest_Generation = YES;
				INFOPLIST_KEY_UIApplicationSupportsIndirectInputEvents = YES;
				INFOPLIST_KEY_UILaunchScreen_Generation = YES;
				INFOPLIST_KEY_UISupportedInterfaceOrientations_iPad = "UIInterfaceOrientationPortrait UIInterfaceOrientationPortraitUpsideDown UIInterfaceOrientationLandscapeLeft UIInterfaceOrientationLandscapeRight";
				INFOPLIST_KEY_UISupportedInterfaceOrientations_iPhone = "UIInterfaceOrientationPortrait UIInterfaceOrientationLandscapeLeft UIInterfaceOrientationLandscapeRight";
				LD_RUNPATH_SEARCH_PATHS = (
					"$(inherited)",
					"@executable_path/Frameworks",
				);
				MARKETING_VERSION = 1.0;
				PRODUCT_BUNDLE_IDENTIFIER = "com.christianleovido.Domain-Driven-MVVM";
				PRODUCT_NAME = "$(TARGET_NAME)";
				SWIFT_EMIT_LOC_STRINGS = YES;
				SWIFT_VERSION = 5.0;
				TARGETED_DEVICE_FAMILY = "1,2";
			};
			name = Release;
		};
		B95BFDB02798616700A644DC /* Debug */ = {
			isa = XCBuildConfiguration;
			buildSettings = {
				ALWAYS_EMBED_SWIFT_STANDARD_LIBRARIES = YES;
				BUNDLE_LOADER = "$(TEST_HOST)";
				CODE_SIGN_STYLE = Automatic;
				CURRENT_PROJECT_VERSION = 1;
				DEVELOPMENT_TEAM = HL92L2PJSU;
				GENERATE_INFOPLIST_FILE = YES;
				IPHONEOS_DEPLOYMENT_TARGET = 15.0;
				LD_RUNPATH_SEARCH_PATHS = (
					"$(inherited)",
					"@executable_path/Frameworks",
					"@loader_path/Frameworks",
				);
				MARKETING_VERSION = 1.0;
				PRODUCT_BUNDLE_IDENTIFIER = "com.christianleovido.Domain-Driven-MVVMTests";
				PRODUCT_NAME = "$(TARGET_NAME)";
				SWIFT_EMIT_LOC_STRINGS = NO;
				SWIFT_VERSION = 5.0;
				TARGETED_DEVICE_FAMILY = "1,2";
				TEST_HOST = "$(BUILT_PRODUCTS_DIR)/Domain-Driven-MVVM.app/Domain-Driven-MVVM";
			};
			name = Debug;
		};
		B95BFDB12798616700A644DC /* Release */ = {
			isa = XCBuildConfiguration;
			buildSettings = {
				ALWAYS_EMBED_SWIFT_STANDARD_LIBRARIES = YES;
				BUNDLE_LOADER = "$(TEST_HOST)";
				CODE_SIGN_STYLE = Automatic;
				CURRENT_PROJECT_VERSION = 1;
				DEVELOPMENT_TEAM = HL92L2PJSU;
				GENERATE_INFOPLIST_FILE = YES;
				IPHONEOS_DEPLOYMENT_TARGET = 15.0;
				LD_RUNPATH_SEARCH_PATHS = (
					"$(inherited)",
					"@executable_path/Frameworks",
					"@loader_path/Frameworks",
				);
				MARKETING_VERSION = 1.0;
				PRODUCT_BUNDLE_IDENTIFIER = "com.christianleovido.Domain-Driven-MVVMTests";
				PRODUCT_NAME = "$(TARGET_NAME)";
				SWIFT_EMIT_LOC_STRINGS = NO;
				SWIFT_VERSION = 5.0;
				TARGETED_DEVICE_FAMILY = "1,2";
				TEST_HOST = "$(BUILT_PRODUCTS_DIR)/Domain-Driven-MVVM.app/Domain-Driven-MVVM";
			};
			name = Release;
		};
/* End XCBuildConfiguration section */

/* Begin XCConfigurationList section */
		B95BFD832798616200A644DC /* Build configuration list for PBXProject "Domain-Driven-MVVM" */ = {
			isa = XCConfigurationList;
			buildConfigurations = (
				B95BFDAA2798616700A644DC /* Debug */,
				B95BFDAB2798616700A644DC /* Release */,
			);
			defaultConfigurationIsVisible = 0;
			defaultConfigurationName = Release;
		};
		B95BFDAC2798616700A644DC /* Build configuration list for PBXNativeTarget "Domain-Driven-MVVM" */ = {
			isa = XCConfigurationList;
			buildConfigurations = (
				B95BFDAD2798616700A644DC /* Debug */,
				B95BFDAE2798616700A644DC /* Release */,
			);
			defaultConfigurationIsVisible = 0;
			defaultConfigurationName = Release;
		};
		B95BFDAF2798616700A644DC /* Build configuration list for PBXNativeTarget "Domain-Driven-MVVMTests" */ = {
			isa = XCConfigurationList;
			buildConfigurations = (
				B95BFDB02798616700A644DC /* Debug */,
				B95BFDB12798616700A644DC /* Release */,
			);
			defaultConfigurationIsVisible = 0;
			defaultConfigurationName = Release;
		};
/* End XCConfigurationList section */
	};
	rootObject = B95BFD802798616200A644DC /* Project object */;
}
